
Microsoft Visual Studio Solution File, Format Version 12.00
# Visual Studio Version 17
VisualStudioVersion = 17.6.33829.357
MinimumVisualStudioVersion = 10.0.40219.1
Project("{FAE04EC0-301F-11D3-BF4B-00C04F79EFBC}") = "AzureFunctionHttpTriggerDemo", "AzureFunctionHttpTriggerDemo\AzureFunctionHttpTriggerDemo.csproj", "{51BCF37C-0701-4A42-86C4-DA20025A65BB}"
EndProject
Global
	GlobalSection(SolutionConfigurationPlatforms) = preSolution
		Debug|Any CPU = Debug|Any CPU
		Release|Any CPU = Release|Any CPU
	EndGlobalSection
	GlobalSection(ProjectConfigurationPlatforms) = postSolution
		{51BCF37C-0701-4A42-86C4-DA20025A65BB}.Debug|Any CPU.ActiveCfg = Debug|Any CPU
		{51BCF37C-0701-4A42-86C4-DA20025A65BB}.Debug|Any CPU.Build.0 = Debug|Any CPU
		{51BCF37C-0701-4A42-86C4-DA20025A65BB}.Release|Any CPU.ActiveCfg = Release|Any CPU
		{51BCF37C-0701-4A42-86C4-DA20025A65BB}.Release|Any CPU.Build.0 = Release|Any CPU
	EndGlobalSection
	GlobalSection(SolutionProperties) = preSolution
		HideSolutionNode = FALSE
	EndGlobalSection
	GlobalSection(ExtensibilityGlobals) = postSolution
		SolutionGuid = {8D1F105A-688E-4305-B13F-B3F77554DD94}
	EndGlobalSection
EndGlobal
